
Microsoft Visual Studio Solution File, Format Version 12.00
Project("{FAE04EC0-301F-11D3-BF4B-00C04F79EFBC}") = "NotificationWorkerService", "NotificationWorkerService\NotificationWorkerService.csproj", "{60A8B73B-A074-4CD6-AFD0-2ABB3412B417}"
EndProject
Project("{2150E333-8FDC-42A3-9474-1A3956D46DE8}") = "Solution Items", "Solution Items", "{46C81951-D4DF-442E-89A0-81CD8CEFE2FE}"
	ProjectSection(SolutionItems) = preProject
		compose.yaml = compose.yaml
	EndProjectSection
EndProject
Global
	GlobalSection(SolutionConfigurationPlatforms) = preSolution
		Debug|Any CPU = Debug|Any CPU
		Release|Any CPU = Release|Any CPU
	EndGlobalSection
	GlobalSection(ProjectConfigurationPlatforms) = postSolution
		{60A8B73B-A074-4CD6-AFD0-2ABB3412B417}.Debug|Any CPU.ActiveCfg = Debug|Any CPU
		{60A8B73B-A074-4CD6-AFD0-2ABB3412B417}.Debug|Any CPU.Build.0 = Debug|Any CPU
		{60A8B73B-A074-4CD6-AFD0-2ABB3412B417}.Release|Any CPU.ActiveCfg = Release|Any CPU
		{60A8B73B-A074-4CD6-AFD0-2ABB3412B417}.Release|Any CPU.Build.0 = Release|Any CPU
	EndGlobalSection
EndGlobal
